
Microsoft Visual Studio Solution File, Format Version 10.00
# Visual Studio 2008
Project("{8BC9CEB8-8B4A-11D0-8D11-00A0C91BC942}") = "combinat", "combinat\combinat.vcproj", "{DEF353B8-FA50-4E7C-A19F-6466DC55044D}"
EndProject
Global
	GlobalSection(SolutionConfigurationPlatforms) = preSolution
		Debug|Win32 = Debug|Win32
		Release|Win32 = Release|Win32
	EndGlobalSection
	GlobalSection(ProjectConfigurationPlatforms) = postSolution
		{DEF353B8-FA50-4E7C-A19F-6466DC55044D}.Debug|Win32.ActiveCfg = Debug|Win32
		{DEF353B8-FA50-4E7C-A19F-6466DC55044D}.Debug|Win32.Build.0 = Debug|Win32
		{DEF353B8-FA50-4E7C-A19F-6466DC55044D}.Release|Win32.ActiveCfg = Release|Win32
		{DEF353B8-FA50-4E7C-A19F-6466DC55044D}.Release|Win32.Build.0 = Release|Win32
	EndGlobalSection
	GlobalSection(SolutionProperties) = preSolution
		HideSolutionNode = FALSE
	EndGlobalSection
EndGlobal
